
Microsoft Visual Studio Solution File, Format Version 12.00
# Visual Studio 14
VisualStudioVersion = 14.0.25420.1
MinimumVisualStudioVersion = 10.0.40219.1
Project("{FAE04EC0-301F-11D3-BF4B-00C04F79EFBC}") = "PMIU.WRMIS.Web", "PMIU.WRMIS.Web\PMIU.WRMIS.Web.csproj", "{4C85C804-0841-4085-8211-BB225454F47E}"
EndProject
Project("{FAE04EC0-301F-11D3-BF4B-00C04F79EFBC}") = "PMIU.WRMIS.BLL", "PMIU.WRMIS.BLL\PMIU.WRMIS.BLL.csproj", "{C92380A1-4505-47A2-99D4-4C12230E72E9}"
EndProject
Project("{FAE04EC0-301F-11D3-BF4B-00C04F79EFBC}") = "PMIU.WRMIS.Database", "PMIU.WRMIS.Database\PMIU.WRMIS.Database.csproj", "{21FDFA67-C0A1-419A-8ADD-5906B8654177}"
EndProject
Project("{FAE04EC0-301F-11D3-BF4B-00C04F79EFBC}") = "PMIU.WRMIS.DAL", "PMIU.WRMIS.DAL\PMIU.WRMIS.DAL.csproj", "{B5E35AA1-EE88-426D-A248-13B718DD14A1}"
EndProject
Project("{FAE04EC0-301F-11D3-BF4B-00C04F79EFBC}") = "PMIU.WRMIS.Common", "PMIU.WRMIS.Common\PMIU.WRMIS.Common.csproj", "{F531FD6B-F0CF-4AA4-9086-0885713CF3F8}"
EndProject
Project("{FAE04EC0-301F-11D3-BF4B-00C04F79EFBC}") = "PMIU.WRMIS.AppBlocks", "PMIU.WRMIS.AppBlocks\PMIU.WRMIS.AppBlocks.csproj", "{0363F836-264B-4135-A43D-61A64132A031}"
EndProject
Project("{FAE04EC0-301F-11D3-BF4B-00C04F79EFBC}") = "PMIU.WRMIS.WCF", "PMIU.WRMIS.WCF\PMIU.WRMIS.WCF.csproj", "{F411EE54-6B46-4516-A2A1-E8BE4E30E349}"
EndProject
Project("{FAE04EC0-301F-11D3-BF4B-00C04F79EFBC}") = "PMIU.WRMIS.WWF", "PMIU.WRMIS.WWF\PMIU.WRMIS.WWF.csproj", "{1E3A6005-CE16-4AAF-BBDF-B78C9D632EE1}"
EndProject
Project("{FAE04EC0-301F-11D3-BF4B-00C04F79EFBC}") = "PMIU.WRMIS.Exceptions", "PMIU.WRMIS.Exceptions\PMIU.WRMIS.Exceptions.csproj", "{1B087BEC-B854-4977-8FF1-A79EC9AC3DA1}"
EndProject
Project("{FAE04EC0-301F-11D3-BF4B-00C04F79EFBC}") = "PMIU.WRMIS.Logging", "PMIU.WRMIS.Logging\PMIU.WRMIS.Logging.csproj", "{267A0B15-1840-4AFD-9727-F0D8691AA284}"
EndProject
Project("{FAE04EC0-301F-11D3-BF4B-00C04F79EFBC}") = "PMIU.WRMIS.PWS", "PMIU.WRMIS.PWS\PMIU.WRMIS.PWS.csproj", "{56018E1A-4BC7-4016-B1AE-4045D2951614}"
EndProject
Project("{FAE04EC0-301F-11D3-BF4B-00C04F79EFBC}") = "PMIU.WRMIS.Model", "PMIU.WRMIS.Model\PMIU.WRMIS.Model.csproj", "{B847CBBC-1C62-433F-BCAB-BA644D0D314E}"
EndProject
Project("{FAE04EC0-301F-11D3-BF4B-00C04F79EFBC}") = "PMIU.WRMIS.Security", "PMIU.WRMIS.Security\PMIU.WRMIS.Security.csproj", "{65794C45-2E80-49CC-AA27-696D2DDFF2EB}"
EndProject
Project("{FAE04EC0-301F-11D3-BF4B-00C04F79EFBC}") = "PMIU.WRMIS.Tests", "PMIU.WRMIS.Tests\PMIU.WRMIS.Tests.csproj", "{33A7940B-6F1E-469A-ABBB-FA3F66B48E13}"
EndProject
Project("{FAE04EC0-301F-11D3-BF4B-00C04F79EFBC}") = "PMIU.WRMIS.Services", "PMIU.WRMIS.Services\PMIU.WRMIS.Services.csproj", "{7846FCE6-0EA2-41BF-AD13-AC7387F47ED1}"
EndProject
Project("{F14B399A-7131-4C87-9E4B-1186C45EF12D}") = "PMIU.WRMIS.Reports", "PMIU.WRMIS.Reports\PMIU.WRMIS.Reports.rptproj", "{4E64735C-5DD1-411B-A2DE-0B21A89E0A03}"
EndProject
Project("{FAE04EC0-301F-11D3-BF4B-00C04F79EFBC}") = "PMIU.WRMIS.Notifications", "PMIU.WRMIS.Notifications\PMIU.WRMIS.Notifications.csproj", "{90C88B13-3869-48CE-96E6-2BB2DC2D81A1}"
EndProject
Project("{FAE04EC0-301F-11D3-BF4B-00C04F79EFBC}") = "PMIU.WRMIS.Notifications.Sender", "PMIU.WRMIS.Notifications.Sender\PMIU.WRMIS.Notifications.Sender.csproj", "{95A1059D-0FDD-479A-B6D4-F84F150F4191}"
EndProject
Project("{FAE04EC0-301F-11D3-BF4B-00C04F79EFBC}") = "PMIU.WRMIS.Apps", "PMIU.WRMIS.Apps\PMIU.WRMIS.Apps.csproj", "{E9D84D88-A620-4E7F-92CE-13DFA756F83C}"
EndProject
Global
	GlobalSection(SolutionConfigurationPlatforms) = preSolution
		Debug|Any CPU = Debug|Any CPU
		DebugLocal|Any CPU = DebugLocal|Any CPU
		Release|Any CPU = Release|Any CPU
	EndGlobalSection
	GlobalSection(ProjectConfigurationPlatforms) = postSolution
		{4C85C804-0841-4085-8211-BB225454F47E}.Debug|Any CPU.ActiveCfg = Debug|Any CPU
		{4C85C804-0841-4085-8211-BB225454F47E}.Debug|Any CPU.Build.0 = Debug|Any CPU
		{4C85C804-0841-4085-8211-BB225454F47E}.DebugLocal|Any CPU.ActiveCfg = Debug|Any CPU
		{4C85C804-0841-4085-8211-BB225454F47E}.DebugLocal|Any CPU.Build.0 = Debug|Any CPU
		{4C85C804-0841-4085-8211-BB225454F47E}.Release|Any CPU.ActiveCfg = Release|Any CPU
		{4C85C804-0841-4085-8211-BB225454F47E}.Release|Any CPU.Build.0 = Release|Any CPU
		{C92380A1-4505-47A2-99D4-4C12230E72E9}.Debug|Any CPU.ActiveCfg = Debug|Any CPU
		{C92380A1-4505-47A2-99D4-4C12230E72E9}.Debug|Any CPU.Build.0 = Debug|Any CPU
		{C92380A1-4505-47A2-99D4-4C12230E72E9}.DebugLocal|Any CPU.ActiveCfg = Debug|Any CPU
		{C92380A1-4505-47A2-99D4-4C12230E72E9}.DebugLocal|Any CPU.Build.0 = Debug|Any CPU
		{C92380A1-4505-47A2-99D4-4C12230E72E9}.Release|Any CPU.ActiveCfg = Release|Any CPU
		{C92380A1-4505-47A2-99D4-4C12230E72E9}.Release|Any CPU.Build.0 = Release|Any CPU
		{21FDFA67-C0A1-419A-8ADD-5906B8654177}.Debug|Any CPU.ActiveCfg = Debug|Any CPU
		{21FDFA67-C0A1-419A-8ADD-5906B8654177}.Debug|Any CPU.Build.0 = Debug|Any CPU
		{21FDFA67-C0A1-419A-8ADD-5906B8654177}.DebugLocal|Any CPU.ActiveCfg = Debug|Any CPU
		{21FDFA67-C0A1-419A-8ADD-5906B8654177}.DebugLocal|Any CPU.Build.0 = Debug|Any CPU
		{21FDFA67-C0A1-419A-8ADD-5906B8654177}.Release|Any CPU.ActiveCfg = Release|Any CPU
		{21FDFA67-C0A1-419A-8ADD-5906B8654177}.Release|Any CPU.Build.0 = Release|Any CPU
		{B5E35AA1-EE88-426D-A248-13B718DD14A1}.Debug|Any CPU.ActiveCfg = Debug|Any CPU
		{B5E35AA1-EE88-426D-A248-13B718DD14A1}.Debug|Any CPU.Build.0 = Debug|Any CPU
		{B5E35AA1-EE88-426D-A248-13B718DD14A1}.DebugLocal|Any CPU.ActiveCfg = Debug|Any CPU
		{B5E35AA1-EE88-426D-A248-13B718DD14A1}.DebugLocal|Any CPU.Build.0 = Debug|Any CPU
		{B5E35AA1-EE88-426D-A248-13B718DD14A1}.Release|Any CPU.ActiveCfg = Release|Any CPU
		{B5E35AA1-EE88-426D-A248-13B718DD14A1}.Release|Any CPU.Build.0 = Release|Any CPU
		{F531FD6B-F0CF-4AA4-9086-0885713CF3F8}.Debug|Any CPU.ActiveCfg = Debug|Any CPU
		{F531FD6B-F0CF-4AA4-9086-0885713CF3F8}.Debug|Any CPU.Build.0 = Debug|Any CPU
		{F531FD6B-F0CF-4AA4-9086-0885713CF3F8}.DebugLocal|Any CPU.ActiveCfg = Debug|Any CPU
		{F531FD6B-F0CF-4AA4-9086-0885713CF3F8}.DebugLocal|Any CPU.Build.0 = Debug|Any CPU
		{F531FD6B-F0CF-4AA4-9086-0885713CF3F8}.Release|Any CPU.ActiveCfg = Release|Any CPU
		{F531FD6B-F0CF-4AA4-9086-0885713CF3F8}.Release|Any CPU.Build.0 = Release|Any CPU
		{0363F836-264B-4135-A43D-61A64132A031}.Debug|Any CPU.ActiveCfg = Debug|Any CPU
		{0363F836-264B-4135-A43D-61A64132A031}.Debug|Any CPU.Build.0 = Debug|Any CPU
		{0363F836-264B-4135-A43D-61A64132A031}.DebugLocal|Any CPU.ActiveCfg = Debug|Any CPU
		{0363F836-264B-4135-A43D-61A64132A031}.DebugLocal|Any CPU.Build.0 = Debug|Any CPU
		{0363F836-264B-4135-A43D-61A64132A031}.Release|Any CPU.ActiveCfg = Release|Any CPU
		{0363F836-264B-4135-A43D-61A64132A031}.Release|Any CPU.Build.0 = Release|Any CPU
		{F411EE54-6B46-4516-A2A1-E8BE4E30E349}.Debug|Any CPU.ActiveCfg = Debug|Any CPU
		{F411EE54-6B46-4516-A2A1-E8BE4E30E349}.Debug|Any CPU.Build.0 = Debug|Any CPU
		{F411EE54-6B46-4516-A2A1-E8BE4E30E349}.DebugLocal|Any CPU.ActiveCfg = Debug|Any CPU
		{F411EE54-6B46-4516-A2A1-E8BE4E30E349}.DebugLocal|Any CPU.Build.0 = Debug|Any CPU
		{F411EE54-6B46-4516-A2A1-E8BE4E30E349}.Release|Any CPU.ActiveCfg = Release|Any CPU
		{F411EE54-6B46-4516-A2A1-E8BE4E30E349}.Release|Any CPU.Build.0 = Release|Any CPU
		{1E3A6005-CE16-4AAF-BBDF-B78C9D632EE1}.Debug|Any CPU.ActiveCfg = Debug|Any CPU
		{1E3A6005-CE16-4AAF-BBDF-B78C9D632EE1}.Debug|Any CPU.Build.0 = Debug|Any CPU
		{1E3A6005-CE16-4AAF-BBDF-B78C9D632EE1}.DebugLocal|Any CPU.ActiveCfg = Debug|Any CPU
		{1E3A6005-CE16-4AAF-BBDF-B78C9D632EE1}.DebugLocal|Any CPU.Build.0 = Debug|Any CPU
		{1E3A6005-CE16-4AAF-BBDF-B78C9D632EE1}.Release|Any CPU.ActiveCfg = Release|Any CPU
		{1E3A6005-CE16-4AAF-BBDF-B78C9D632EE1}.Release|Any CPU.Build.0 = Release|Any CPU
		{1B087BEC-B854-4977-8FF1-A79EC9AC3DA1}.Debug|Any CPU.ActiveCfg = Debug|Any CPU
		{1B087BEC-B854-4977-8FF1-A79EC9AC3DA1}.Debug|Any CPU.Build.0 = Debug|Any CPU
		{1B087BEC-B854-4977-8FF1-A79EC9AC3DA1}.DebugLocal|Any CPU.ActiveCfg = Debug|Any CPU
		{1B087BEC-B854-4977-8FF1-A79EC9AC3DA1}.DebugLocal|Any CPU.Build.0 = Debug|Any CPU
		{1B087BEC-B854-4977-8FF1-A79EC9AC3DA1}.Release|Any CPU.ActiveCfg = Release|Any CPU
		{1B087BEC-B854-4977-8FF1-A79EC9AC3DA1}.Release|Any CPU.Build.0 = Release|Any CPU
		{267A0B15-1840-4AFD-9727-F0D8691AA284}.Debug|Any CPU.ActiveCfg = Debug|Any CPU
		{267A0B15-1840-4AFD-9727-F0D8691AA284}.Debug|Any CPU.Build.0 = Debug|Any CPU
		{267A0B15-1840-4AFD-9727-F0D8691AA284}.DebugLocal|Any CPU.ActiveCfg = Debug|Any CPU
		{267A0B15-1840-4AFD-9727-F0D8691AA284}.DebugLocal|Any CPU.Build.0 = Debug|Any CPU
		{267A0B15-1840-4AFD-9727-F0D8691AA284}.Release|Any CPU.ActiveCfg = Release|Any CPU
		{267A0B15-1840-4AFD-9727-F0D8691AA284}.Release|Any CPU.Build.0 = Release|Any CPU
		{56018E1A-4BC7-4016-B1AE-4045D2951614}.Debug|Any CPU.ActiveCfg = Debug|Any CPU
		{56018E1A-4BC7-4016-B1AE-4045D2951614}.Debug|Any CPU.Build.0 = Debug|Any CPU
		{56018E1A-4BC7-4016-B1AE-4045D2951614}.DebugLocal|Any CPU.ActiveCfg = Debug|Any CPU
		{56018E1A-4BC7-4016-B1AE-4045D2951614}.DebugLocal|Any CPU.Build.0 = Debug|Any CPU
		{56018E1A-4BC7-4016-B1AE-4045D2951614}.Release|Any CPU.ActiveCfg = Release|Any CPU
		{56018E1A-4BC7-4016-B1AE-4045D2951614}.Release|Any CPU.Build.0 = Release|Any CPU
		{B847CBBC-1C62-433F-BCAB-BA644D0D314E}.Debug|Any CPU.ActiveCfg = Debug|Any CPU
		{B847CBBC-1C62-433F-BCAB-BA644D0D314E}.Debug|Any CPU.Build.0 = Debug|Any CPU
		{B847CBBC-1C62-433F-BCAB-BA644D0D314E}.DebugLocal|Any CPU.ActiveCfg = Debug|Any CPU
		{B847CBBC-1C62-433F-BCAB-BA644D0D314E}.DebugLocal|Any CPU.Build.0 = Debug|Any CPU
		{B847CBBC-1C62-433F-BCAB-BA644D0D314E}.Release|Any CPU.ActiveCfg = Release|Any CPU
		{B847CBBC-1C62-433F-BCAB-BA644D0D314E}.Release|Any CPU.Build.0 = Release|Any CPU
		{65794C45-2E80-49CC-AA27-696D2DDFF2EB}.Debug|Any CPU.ActiveCfg = Debug|Any CPU
		{65794C45-2E80-49CC-AA27-696D2DDFF2EB}.Debug|Any CPU.Build.0 = Debug|Any CPU
		{65794C45-2E80-49CC-AA27-696D2DDFF2EB}.DebugLocal|Any CPU.ActiveCfg = Debug|Any CPU
		{65794C45-2E80-49CC-AA27-696D2DDFF2EB}.DebugLocal|Any CPU.Build.0 = Debug|Any CPU
		{65794C45-2E80-49CC-AA27-696D2DDFF2EB}.Release|Any CPU.ActiveCfg = Release|Any CPU
		{65794C45-2E80-49CC-AA27-696D2DDFF2EB}.Release|Any CPU.Build.0 = Release|Any CPU
		{33A7940B-6F1E-469A-ABBB-FA3F66B48E13}.Debug|Any CPU.ActiveCfg = Debug|Any CPU
		{33A7940B-6F1E-469A-ABBB-FA3F66B48E13}.Debug|Any CPU.Build.0 = Debug|Any CPU
		{33A7940B-6F1E-469A-ABBB-FA3F66B48E13}.DebugLocal|Any CPU.ActiveCfg = Debug|Any CPU
		{33A7940B-6F1E-469A-ABBB-FA3F66B48E13}.DebugLocal|Any CPU.Build.0 = Debug|Any CPU
		{33A7940B-6F1E-469A-ABBB-FA3F66B48E13}.Release|Any CPU.ActiveCfg = Release|Any CPU
		{33A7940B-6F1E-469A-ABBB-FA3F66B48E13}.Release|Any CPU.Build.0 = Release|Any CPU
		{7846FCE6-0EA2-41BF-AD13-AC7387F47ED1}.Debug|Any CPU.ActiveCfg = Debug|Any CPU
		{7846FCE6-0EA2-41BF-AD13-AC7387F47ED1}.Debug|Any CPU.Build.0 = Debug|Any CPU
		{7846FCE6-0EA2-41BF-AD13-AC7387F47ED1}.DebugLocal|Any CPU.ActiveCfg = Debug|Any CPU
		{7846FCE6-0EA2-41BF-AD13-AC7387F47ED1}.DebugLocal|Any CPU.Build.0 = Debug|Any CPU
		{7846FCE6-0EA2-41BF-AD13-AC7387F47ED1}.Release|Any CPU.ActiveCfg = Release|Any CPU
		{7846FCE6-0EA2-41BF-AD13-AC7387F47ED1}.Release|Any CPU.Build.0 = Release|Any CPU
		{4E64735C-5DD1-411B-A2DE-0B21A89E0A03}.Debug|Any CPU.ActiveCfg = Debug
		{4E64735C-5DD1-411B-A2DE-0B21A89E0A03}.Debug|Any CPU.Build.0 = Debug
		{4E64735C-5DD1-411B-A2DE-0B21A89E0A03}.Debug|Any CPU.Deploy.0 = Debug
		{4E64735C-5DD1-411B-A2DE-0B21A89E0A03}.DebugLocal|Any CPU.ActiveCfg = DebugLocal
		{4E64735C-5DD1-411B-A2DE-0B21A89E0A03}.DebugLocal|Any CPU.Build.0 = DebugLocal
		{4E64735C-5DD1-411B-A2DE-0B21A89E0A03}.Release|Any CPU.ActiveCfg = Release
		{4E64735C-5DD1-411B-A2DE-0B21A89E0A03}.Release|Any CPU.Build.0 = Release
		{4E64735C-5DD1-411B-A2DE-0B21A89E0A03}.Release|Any CPU.Deploy.0 = Release
		{90C88B13-3869-48CE-96E6-2BB2DC2D81A1}.Debug|Any CPU.ActiveCfg = Debug|Any CPU
		{90C88B13-3869-48CE-96E6-2BB2DC2D81A1}.Debug|Any CPU.Build.0 = Debug|Any CPU
		{90C88B13-3869-48CE-96E6-2BB2DC2D81A1}.DebugLocal|Any CPU.ActiveCfg = Debug|Any CPU
		{90C88B13-3869-48CE-96E6-2BB2DC2D81A1}.DebugLocal|Any CPU.Build.0 = Debug|Any CPU
		{90C88B13-3869-48CE-96E6-2BB2DC2D81A1}.Release|Any CPU.ActiveCfg = Release|Any CPU
		{90C88B13-3869-48CE-96E6-2BB2DC2D81A1}.Release|Any CPU.Build.0 = Release|Any CPU
		{95A1059D-0FDD-479A-B6D4-F84F150F4191}.Debug|Any CPU.ActiveCfg = Debug|Any CPU
		{95A1059D-0FDD-479A-B6D4-F84F150F4191}.Debug|Any CPU.Build.0 = Debug|Any CPU
		{95A1059D-0FDD-479A-B6D4-F84F150F4191}.DebugLocal|Any CPU.ActiveCfg = Debug|Any CPU
		{95A1059D-0FDD-479A-B6D4-F84F150F4191}.DebugLocal|Any CPU.Build.0 = Debug|Any CPU
		{95A1059D-0FDD-479A-B6D4-F84F150F4191}.Release|Any CPU.ActiveCfg = Release|Any CPU
		{95A1059D-0FDD-479A-B6D4-F84F150F4191}.Release|Any CPU.Build.0 = Release|Any CPU
		{E9D84D88-A620-4E7F-92CE-13DFA756F83C}.Debug|Any CPU.ActiveCfg = Release|Any CPU
		{E9D84D88-A620-4E7F-92CE-13DFA756F83C}.Debug|Any CPU.Build.0 = Release|Any CPU
		{E9D84D88-A620-4E7F-92CE-13DFA756F83C}.DebugLocal|Any CPU.ActiveCfg = Debug|Any CPU
		{E9D84D88-A620-4E7F-92CE-13DFA756F83C}.DebugLocal|Any CPU.Build.0 = Debug|Any CPU
		{E9D84D88-A620-4E7F-92CE-13DFA756F83C}.Release|Any CPU.ActiveCfg = Release|Any CPU
		{E9D84D88-A620-4E7F-92CE-13DFA756F83C}.Release|Any CPU.Build.0 = Release|Any CPU
	EndGlobalSection
	GlobalSection(SolutionProperties) = preSolution
		HideSolutionNode = FALSE
	EndGlobalSection
EndGlobal
